
Microsoft Visual Studio Solution File, Format Version 12.00
# Visual Studio Version 17
VisualStudioVersion = 17.14.36616.10 d17.14
MinimumVisualStudioVersion = 10.0.40219.1
Project("{FAE04EC0-301F-11D3-BF4B-00C04F79EFBC}") = "Hello World", "Hello World.csproj", "{181F722B-81FD-40E6-92F1-5095942F599F}"
EndProject
Global
	GlobalSection(SolutionConfigurationPlatforms) = preSolution
		Debug|Any CPU = Debug|Any CPU
		Release|Any CPU = Release|Any CPU
	EndGlobalSection
	GlobalSection(ProjectConfigurationPlatforms) = postSolution
		{181F722B-81FD-40E6-92F1-5095942F599F}.Debug|Any CPU.ActiveCfg = Debug|Any CPU
		{181F722B-81FD-40E6-92F1-5095942F599F}.Debug|Any CPU.Build.0 = Debug|Any CPU
		{181F722B-81FD-40E6-92F1-5095942F599F}.Release|Any CPU.ActiveCfg = Release|Any CPU
		{181F722B-81FD-40E6-92F1-5095942F599F}.Release|Any CPU.Build.0 = Release|Any CPU
	EndGlobalSection
	GlobalSection(SolutionProperties) = preSolution
		HideSolutionNode = FALSE
	EndGlobalSection
	GlobalSection(ExtensibilityGlobals) = postSolution
		SolutionGuid = {A6365AA5-B836-4839-8FDA-56C9954D2CEE}
	EndGlobalSection
EndGlobal
