
Microsoft Visual Studio Solution File, Format Version 12.00
# Visual Studio Version 17
VisualStudioVersion = 17.14.36616.10 d17.14
MinimumVisualStudioVersion = 10.0.40219.1
Project("{FAE04EC0-301F-11D3-BF4B-00C04F79EFBC}") = "Soal_3_Kasir_Diskon", "Soal_3_Kasir_Diskon.csproj", "{8D8E1419-BA04-4781-8ECD-27DBE2DC68A5}"
EndProject
Global
	GlobalSection(SolutionConfigurationPlatforms) = preSolution
		Debug|Any CPU = Debug|Any CPU
		Release|Any CPU = Release|Any CPU
	EndGlobalSection
	GlobalSection(ProjectConfigurationPlatforms) = postSolution
		{8D8E1419-BA04-4781-8ECD-27DBE2DC68A5}.Debug|Any CPU.ActiveCfg = Debug|Any CPU
		{8D8E1419-BA04-4781-8ECD-27DBE2DC68A5}.Debug|Any CPU.Build.0 = Debug|Any CPU
		{8D8E1419-BA04-4781-8ECD-27DBE2DC68A5}.Release|Any CPU.ActiveCfg = Release|Any CPU
		{8D8E1419-BA04-4781-8ECD-27DBE2DC68A5}.Release|Any CPU.Build.0 = Release|Any CPU
	EndGlobalSection
	GlobalSection(SolutionProperties) = preSolution
		HideSolutionNode = FALSE
	EndGlobalSection
	GlobalSection(ExtensibilityGlobals) = postSolution
		SolutionGuid = {2EF97721-3419-434F-BF6B-68395504A457}
	EndGlobalSection
EndGlobal
