
Microsoft Visual Studio Solution File, Format Version 12.00
# Visual Studio Version 17
VisualStudioVersion = 17.14.36616.10 d17.14
MinimumVisualStudioVersion = 10.0.40219.1
Project("{FAE04EC0-301F-11D3-BF4B-00C04F79EFBC}") = "Soal_5_Menu_Kalkulator", "Soal_5_Menu_Kalkulator.csproj", "{E49D6D19-65F6-4D6B-B22B-B4E57785B051}"
EndProject
Global
	GlobalSection(SolutionConfigurationPlatforms) = preSolution
		Debug|Any CPU = Debug|Any CPU
		Release|Any CPU = Release|Any CPU
	EndGlobalSection
	GlobalSection(ProjectConfigurationPlatforms) = postSolution
		{E49D6D19-65F6-4D6B-B22B-B4E57785B051}.Debug|Any CPU.ActiveCfg = Debug|Any CPU
		{E49D6D19-65F6-4D6B-B22B-B4E57785B051}.Debug|Any CPU.Build.0 = Debug|Any CPU
		{E49D6D19-65F6-4D6B-B22B-B4E57785B051}.Release|Any CPU.ActiveCfg = Release|Any CPU
		{E49D6D19-65F6-4D6B-B22B-B4E57785B051}.Release|Any CPU.Build.0 = Release|Any CPU
	EndGlobalSection
	GlobalSection(SolutionProperties) = preSolution
		HideSolutionNode = FALSE
	EndGlobalSection
	GlobalSection(ExtensibilityGlobals) = postSolution
		SolutionGuid = {ECE173DE-A4F2-41D4-822E-2B9B97FE3B7C}
	EndGlobalSection
EndGlobal
