
Microsoft Visual Studio Solution File, Format Version 12.00
# Visual Studio Version 17
VisualStudioVersion = 17.14.36616.10 d17.14
MinimumVisualStudioVersion = 10.0.40219.1
Project("{FAE04EC0-301F-11D3-BF4B-00C04F79EFBC}") = "Soal_1_Menentukan_Genap_Ganjil", "Soal_1_Menentukan_Genap_Ganjil.csproj", "{EAFEA66E-7D96-49F5-A280-B0FAD85F7A11}"
EndProject
Global
	GlobalSection(SolutionConfigurationPlatforms) = preSolution
		Debug|Any CPU = Debug|Any CPU
		Release|Any CPU = Release|Any CPU
	EndGlobalSection
	GlobalSection(ProjectConfigurationPlatforms) = postSolution
		{EAFEA66E-7D96-49F5-A280-B0FAD85F7A11}.Debug|Any CPU.ActiveCfg = Debug|Any CPU
		{EAFEA66E-7D96-49F5-A280-B0FAD85F7A11}.Debug|Any CPU.Build.0 = Debug|Any CPU
		{EAFEA66E-7D96-49F5-A280-B0FAD85F7A11}.Release|Any CPU.ActiveCfg = Release|Any CPU
		{EAFEA66E-7D96-49F5-A280-B0FAD85F7A11}.Release|Any CPU.Build.0 = Release|Any CPU
	EndGlobalSection
	GlobalSection(SolutionProperties) = preSolution
		HideSolutionNode = FALSE
	EndGlobalSection
	GlobalSection(ExtensibilityGlobals) = postSolution
		SolutionGuid = {76126D1B-91CC-48C8-9180-3136970B3F61}
	EndGlobalSection
EndGlobal
